PODS:
  - Flutter (1.0.0)
  - flutter_star_prnt (0.0.2):
    - Flutter
    - StarIO (= 2.8.2)
    - StarIO_Extension (= 1.15.0)
  - StarIO (2.8.2)
  - StarIO_Extension (1.15.0):
    - StarIO

DEPENDENCIES:
  - Flutter (from `Flutter`)
  - flutter_star_prnt (from `.symlinks/plugins/flutter_star_prnt/ios`)

SPEC REPOS:
  trunk:
    - StarIO
    - StarIO_Extension

EXTERNAL SOURCES:
  Flutter:
    :path: Flutter
  flutter_star_prnt:
    :path: ".symlinks/plugins/flutter_star_prnt/ios"

SPEC CHECKSUMS:
  Flutter: 0e3d915762c693b495b44d77113d4970485de6ec
  flutter_star_prnt: 9138edb5890c7f0c8c4a47459a95bb01e67995f1
  StarIO: e1d416e563e34fd77f94de779913618f6aac8972
  StarIO_Extension: 0484b9f19869e29f6e875060a543243f14153ba4

PODFILE CHECKSUM: a75497545d4391e2d394c3668e20cfb1c2bbd4aa

COCOAPODS: 1.10.1
